
Microsoft Visual Studio Solution File, Format Version 11.00
# Visual Studio 2010
Project("{FAE04EC0-301F-11D3-BF4B-00C04F79EFBC}") = "Assembly-CSharp-firstpass", "Assembly-CSharp-firstpass.csproj", "{F151E88D-C41E-886A-7BBA-BA21629D360A}"
EndProject
Project("{FAE04EC0-301F-11D3-BF4B-00C04F79EFBC}") = "Assembly-CSharp", "Assembly-CSharp.csproj", "{FAFD3820-CC92-DF97-3687-33E53C913CEE}"
EndProject
Project("{FAE04EC0-301F-11D3-BF4B-00C04F79EFBC}") = "Assembly-CSharp-Editor-firstpass", "Assembly-CSharp-Editor-firstpass.csproj", "{3839EB9F-8719-3EB7-7C80-6632AA92A828}"
EndProject
Global
	GlobalSection(SolutionConfigurationPlatforms) = preSolution
		Debug|Any CPU = Debug|Any CPU
		Release|Any CPU = Release|Any CPU
	EndGlobalSection
	GlobalSection(ProjectConfigurationPlatforms) = postSolution
		{F151E88D-C41E-886A-7BBA-BA21629D360A}.Debug|Any CPU.ActiveCfg = Debug|Any CPU
		{F151E88D-C41E-886A-7BBA-BA21629D360A}.Debug|Any CPU.Build.0 = Debug|Any CPU
		{F151E88D-C41E-886A-7BBA-BA21629D360A}.Release|Any CPU.ActiveCfg = Release|Any CPU
		{F151E88D-C41E-886A-7BBA-BA21629D360A}.Release|Any CPU.Build.0 = Release|Any CPU
		{FAFD3820-CC92-DF97-3687-33E53C913CEE}.Debug|Any CPU.ActiveCfg = Debug|Any CPU
		{FAFD3820-CC92-DF97-3687-33E53C913CEE}.Debug|Any CPU.Build.0 = Debug|Any CPU
		{FAFD3820-CC92-DF97-3687-33E53C913CEE}.Release|Any CPU.ActiveCfg = Release|Any CPU
		{FAFD3820-CC92-DF97-3687-33E53C913CEE}.Release|Any CPU.Build.0 = Release|Any CPU
		{3839EB9F-8719-3EB7-7C80-6632AA92A828}.Debug|Any CPU.ActiveCfg = Debug|Any CPU
		{3839EB9F-8719-3EB7-7C80-6632AA92A828}.Debug|Any CPU.Build.0 = Debug|Any CPU
		{3839EB9F-8719-3EB7-7C80-6632AA92A828}.Release|Any CPU.ActiveCfg = Release|Any CPU
		{3839EB9F-8719-3EB7-7C80-6632AA92A828}.Release|Any CPU.Build.0 = Release|Any CPU
	EndGlobalSection
	GlobalSection(SolutionProperties) = preSolution
		HideSolutionNode = FALSE
	EndGlobalSection
	GlobalSection(MonoDevelopProperties) = preSolution
		StartupItem = Assembly-CSharp.csproj
	EndGlobalSection
EndGlobal
